
Microsoft Visual Studio Solution File, Format Version 12.00
# Visual Studio Version 17
VisualStudioVersion = 17.7.34221.43
MinimumVisualStudioVersion = 10.0.40219.1
Project("{FAE04EC0-301F-11D3-BF4B-00C04F79EFBC}") = "BankSystemSQ", "BankSystemSQ.csproj", "{8575DD17-ECCA-4CCE-8060-1C659B175718}"
EndProject
Project("{FAE04EC0-301F-11D3-BF4B-00C04F79EFBC}") = "BankDB", "..\BankDB\BankDB.csproj", "{64464217-52CD-4C8E-A513-0A4E07ECA684}"
EndProject
Global
	GlobalSection(SolutionConfigurationPlatforms) = preSolution
		Debug|Any CPU = Debug|Any CPU
		Release|Any CPU = Release|Any CPU
	EndGlobalSection
	GlobalSection(ProjectConfigurationPlatforms) = postSolution
		{8575DD17-ECCA-4CCE-8060-1C659B175718}.Debug|Any CPU.ActiveCfg = Debug|Any CPU
		{8575DD17-ECCA-4CCE-8060-1C659B175718}.Debug|Any CPU.Build.0 = Debug|Any CPU
		{8575DD17-ECCA-4CCE-8060-1C659B175718}.Release|Any CPU.ActiveCfg = Release|Any CPU
		{8575DD17-ECCA-4CCE-8060-1C659B175718}.Release|Any CPU.Build.0 = Release|Any CPU
		{64464217-52CD-4C8E-A513-0A4E07ECA684}.Debug|Any CPU.ActiveCfg = Debug|Any CPU
		{64464217-52CD-4C8E-A513-0A4E07ECA684}.Debug|Any CPU.Build.0 = Debug|Any CPU
		{64464217-52CD-4C8E-A513-0A4E07ECA684}.Release|Any CPU.ActiveCfg = Release|Any CPU
		{64464217-52CD-4C8E-A513-0A4E07ECA684}.Release|Any CPU.Build.0 = Release|Any CPU
	EndGlobalSection
	GlobalSection(SolutionProperties) = preSolution
		HideSolutionNode = FALSE
	EndGlobalSection
	GlobalSection(ExtensibilityGlobals) = postSolution
		SolutionGuid = {A6AAC32E-87EC-48B8-BE7D-CC9921AA9D6B}
	EndGlobalSection
EndGlobal
